// !$*UTF8*$!
{
	archiveVersion = 1;
	classes = {
	};
	objectVersion = 50;
	objects = {

/* Begin PBXBuildFile section */
		613257E221CBF4D200C1F2B7 /* AppDelegate.swift in Sources */ = {isa = PBXBuildFile; fileRef = 613257E121CBF4D200C1F2B7 /* AppDelegate.swift */; };
		613257E421CBF4D200C1F2B7 /* ViewController.swift in Sources */ = {isa = PBXBuildFile; fileRef = 613257E321CBF4D200C1F2B7 /* ViewController.swift */; };
		613257E721CBF4D200C1F2B7 /* Main.storyboard in Resources */ = {isa = PBXBuildFile; fileRef = 613257E521CBF4D200C1F2B7 /* Main.storyboard */; };
		613257EA21CBF4D200C1F2B7 /* Divan.xcdatamodeld in Sources */ = {isa = PBXBuildFile; fileRef = 613257E821CBF4D200C1F2B7 /* Divan.xcdatamodeld */; };
		613257EC21CBF4D300C1F2B7 /* Assets.xcassets in Resources */ = {isa = PBXBuildFile; fileRef = 613257EB21CBF4D300C1F2B7 /* Assets.xcassets */; };
		613257EF21CBF4D300C1F2B7 /* LaunchScreen.storyboard in Resources */ = {isa = PBXBuildFile; fileRef = 613257ED21CBF4D300C1F2B7 /* LaunchScreen.storyboard */; };
		613257F721CC20FF00C1F2B7 /* MenuViewController.swift in Sources */ = {isa = PBXBuildFile; fileRef = 613257F621CC20FF00C1F2B7 /* MenuViewController.swift */; };
		613257F921CC213A00C1F2B7 /* MenuTableViewCell.swift in Sources */ = {isa = PBXBuildFile; fileRef = 613257F821CC213A00C1F2B7 /* MenuTableViewCell.swift */; };
/* End PBXBuildFile section */

/* Begin PBXFileReference section */
		613257DE21CBF4D100C1F2B7 /* Divan.app */ = {isa = PBXFileReference; explicitFileType = wrapper.application; includeInIndex = 0; path = Divan.app; sourceTree = BUILT_PRODUCTS_DIR; };
		613257E121CBF4D200C1F2B7 /* AppDelegate.swift */ = {isa = PBXFileReference; lastKnownFileType = sourcecode.swift; path = AppDelegate.swift; sourceTree = "<group>"; };
		613257E321CBF4D200C1F2B7 /* ViewController.swift */ = {isa = PBXFileReference; lastKnownFileType = sourcecode.swift; path = ViewController.swift; sourceTree = "<group>"; };
		613257E621CBF4D200C1F2B7 /* Base */ = {isa = PBXFileReference; lastKnownFileType = file.storyboard; name = Base; path = Base.lproj/Main.storyboard; sourceTree = "<group>"; };
		613257E921CBF4D200C1F2B7 /* Divan.xcdatamodel */ = {isa = PBXFileReference; lastKnownFileType = wrapper.xcdatamodel; path = Divan.xcdatamodel; sourceTree = "<group>"; };
		613257EB21CBF4D300C1F2B7 /* Assets.xcassets */ = {isa = PBXFileReference; lastKnownFileType = folder.assetcatalog; path = Assets.xcassets; sourceTree = "<group>"; };
		613257EE21CBF4D300C1F2B7 /* Base */ = {isa = PBXFileReference; lastKnownFileType = file.storyboard; name = Base; path = Base.lproj/LaunchScreen.storyboard; sourceTree = "<group>"; };
		613257F021CBF4D300C1F2B7 /* Info.plist */ = {isa = PBXFileReference; lastKnownFileType = text.plist.xml; path = Info.plist; sourceTree = "<group>"; };
		613257F621CC20FF00C1F2B7 /* MenuViewController.swift */ = {isa = PBXFileReference; lastKnownFileType = sourcecode.swift; path = MenuViewController.swift; sourceTree = "<group>"; };
		613257F821CC213A00C1F2B7 /* MenuTableViewCell.swift */ = {isa = PBXFileReference; lastKnownFileType = sourcecode.swift; path = MenuTableViewCell.swift; sourceTree = "<group>"; };
/* End PBXFileReference section */

/* Begin PBXFrameworksBuildPhase section */
		613257DB21CBF4D100C1F2B7 /* Frameworks */ = {
			isa = PBXFrameworksBuildPhase;
			buildActionMask = 2147483647;
			files = (
			);
			runOnlyForDeploymentPostprocessing = 0;
		};
/* End PBXFrameworksBuildPhase section */

/* Begin PBXGroup section */
		613257D521CBF4D100C1F2B7 = {
			isa = PBXGroup;
			children = (
				613257E021CBF4D100C1F2B7 /* Divan */,
				613257DF21CBF4D100C1F2B7 /* Products */,
			);
			sourceTree = "<group>";
		};
		613257DF21CBF4D100C1F2B7 /* Products */ = {
			isa = PBXGroup;
			children = (
				613257DE21CBF4D100C1F2B7 /* Divan.app */,
			);
			name = Products;
			sourceTree = "<group>";
		};
		613257E021CBF4D100C1F2B7 /* Divan */ = {
			isa = PBXGroup;
			children = (
				613257F021CBF4D300C1F2B7 /* Info.plist */,
				613257E121CBF4D200C1F2B7 /* AppDelegate.swift */,
				613257F621CC20FF00C1F2B7 /* MenuViewController.swift */,
				613257E321CBF4D200C1F2B7 /* ViewController.swift */,
				613257EB21CBF4D300C1F2B7 /* Assets.xcassets */,
				613257E821CBF4D200C1F2B7 /* Divan.xcdatamodeld */,
				613257ED21CBF4D300C1F2B7 /* LaunchScreen.storyboard */,
				613257E521CBF4D200C1F2B7 /* Main.storyboard */,
				613257F821CC213A00C1F2B7 /* MenuTableViewCell.swift */,
			);
			path = Divan;
			sourceTree = "<group>";
		};
/* End PBXGroup section */

/* Begin PBXNativeTarget section */
		613257DD21CBF4D100C1F2B7 /* Divan */ = {
			isa = PBXNativeTarget;
			buildConfigurationList = 613257F321CBF4D300C1F2B7 /* Build configuration list for PBXNativeTarget "Divan" */;
			buildPhases = (
				613257DA21CBF4D100C1F2B7 /* Sources */,
				613257DB21CBF4D100C1F2B7 /* Frameworks */,
				613257DC21CBF4D100C1F2B7 /* Resources */,
			);
			buildRules = (
			);
			dependencies = (
			);
			name = Divan;
			productName = Divan;
			productReference = 613257DE21CBF4D100C1F2B7 /* Divan.app */;
			productType = "com.apple.product-type.application";
		};
/* End PBXNativeTarget section */

/* Begin PBXProject section */
		613257D621CBF4D100C1F2B7 /* Project object */ = {
			isa = PBXProject;
			attributes = {
				LastSwiftUpdateCheck = 1010;
				LastUpgradeCheck = 1010;
				ORGANIZATIONNAME = shomrashDev;
				TargetAttributes = {
					613257DD21CBF4D100C1F2B7 = {
						CreatedOnToolsVersion = 10.1;
					};
				};
			};
			buildConfigurationList = 613257D921CBF4D100C1F2B7 /* Build configuration list for PBXProject "Divan" */;
			compatibilityVersion = "Xcode 9.3";
			developmentRegion = en;
			hasScannedForEncodings = 0;
			knownRegions = (
				en,
				Base,
			);
			mainGroup = 613257D521CBF4D100C1F2B7;
			productRefGroup = 613257DF21CBF4D100C1F2B7 /* Products */;
			projectDirPath = "";
			projectRoot = "";
			targets = (
				613257DD21CBF4D100C1F2B7 /* Divan */,
			);
		};
/* End PBXProject section */

/* Begin PBXResourcesBuildPhase section */
		613257DC21CBF4D100C1F2B7 /* Resources */ = {
			isa = PBXResourcesBuildPhase;
			buildActionMask = 2147483647;
			files = (
				613257EF21CBF4D300C1F2B7 /* LaunchScreen.storyboard in Resources */,
				613257EC21CBF4D300C1F2B7 /* Assets.xcassets in Resources */,
				613257E721CBF4D200C1F2B7 /* Main.storyboard in Resources */,
			);
			runOnlyForDeploymentPostprocessing = 0;
		};
/* End PBXResourcesBuildPhase section */

/* Begin PBXSourcesBuildPhase section */
		613257DA21CBF4D100C1F2B7 /* Sources */ = {
			isa = PBXSourcesBuildPhase;
			buildActionMask = 2147483647;
			files = (
				613257E421CBF4D200C1F2B7 /* ViewController.swift in Sources */,
				613257E221CBF4D200C1F2B7 /* AppDelegate.swift in Sources */,
				613257EA21CBF4D200C1F2B7 /* Divan.xcdatamodeld in Sources */,
				613257F721CC20FF00C1F2B7 /* MenuViewController.swift in Sources */,
				613257F921CC213A00C1F2B7 /* MenuTableViewCell.swift in Sources */,
			);
			runOnlyForDeploymentPostprocessing = 0;
		};
/* End PBXSourcesBuildPhase section */

/* Begin PBXVariantGroup section */
		613257E521CBF4D200C1F2B7 /* Main.storyboard */ = {
			isa = PBXVariantGroup;
			children = (
				613257E621CBF4D200C1F2B7 /* Base */,
			);
			name = Main.storyboard;
			sourceTree = "<group>";
		};
		613257ED21CBF4D300C1F2B7 /* LaunchScreen.storyboard */ = {
			isa = PBXVariantGroup;
			children = (
				613257EE21CBF4D300C1F2B7 /* Base */,
			);
			name = LaunchScreen.storyboard;
			sourceTree = "<group>";
		};
/* End PBXVariantGroup section */

/* Begin XCBuildConfiguration section */
		613257F121CBF4D300C1F2B7 /* Debug */ = {
			isa = XCBuildConfiguration;
			buildSettings = {
				ALWAYS_SEARCH_USER_PATHS = NO;
				CLANG_ANALYZER_NONNULL = YES;
				CLANG_ANALYZER_NUMBER_OBJECT_CONVERSION = YES_AGGRESSIVE;
				CLANG_CXX_LANGUAGE_STANDARD = "gnu++14";
				CLANG_CXX_LIBRARY = "libc++";
				CLANG_ENABLE_MODULES = YES;
				CLANG_ENABLE_OBJC_ARC = YES;
				CLANG_ENABLE_OBJC_WEAK = YES;
				CLANG_WARN_BLOCK_CAPTURE_AUTORELEASING = YES;
				CLANG_WARN_BOOL_CONVERSION = YES;
				CLANG_WARN_COMMA = YES;
				CLANG_WARN_CONSTANT_CONVERSION = YES;
				CLANG_WARN_DEPRECATED_OBJC_IMPLEMENTATIONS = YES;
				CLANG_WARN_DIRECT_OBJC_ISA_USAGE = YES_ERROR;
				CLANG_WARN_DOCUMENTATION_COMMENTS = YES;
				CLANG_WARN_EMPTY_BODY = YES;
				CLANG_WARN_ENUM_CONVERSION = YES;
				CLANG_WARN_INFINITE_RECURSION = YES;
				CLANG_WARN_INT_CONVERSION = YES;
				CLANG_WARN_NON_LITERAL_NULL_CONVERSION = YES;
				CLANG_WARN_OBJC_IMPLICIT_RETAIN_SELF = YES;
				CLANG_WARN_OBJC_LITERAL_CONVERSION = YES;
				CLANG_WARN_OBJC_ROOT_CLASS = YES_ERROR;
				CLANG_WARN_RANGE_LOOP_ANALYSIS = YES;
				CLANG_WARN_STRICT_PROTOTYPES = YES;
				CLANG_WARN_SUSPICIOUS_MOVE = YES;
				CLANG_WARN_UNGUARDED_AVAILABILITY = YES_AGGRESSIVE;
				CLANG_WARN_UNREACHABLE_CODE = YES;
				CLANG_WARN__DUPLICATE_METHOD_MATCH = YES;
				CODE_SIGN_IDENTITY = "iPhone Developer";
				COPY_PHASE_STRIP = NO;
				DEBUG_INFORMATION_FORMAT = dwarf;
				ENABLE_STRICT_OBJC_MSGSEND = YES;
				ENABLE_TESTABILITY = YES;
				GCC_C_LANGUAGE_STANDARD = gnu11;
				GCC_DYNAMIC_NO_PIC = NO;
				GCC_NO_COMMON_BLOCKS = YES;
				GCC_OPTIMIZATION_LEVEL = 0;
				GCC_PREPROCESSOR_DEFINITIONS = (
					"DEBUG=1",
					"$(inherited)",
				);
				GCC_WARN_64_TO_32_BIT_CONVERSION = YES;
				GCC_WARN_ABOUT_RETURN_TYPE = YES_ERROR;
				GCC_WARN_UNDECLARED_SELECTOR = YES;
				GCC_WARN_UNINITIALIZED_AUTOS = YES_AGGRESSIVE;
				GCC_WARN_UNUSED_FUNCTION = YES;
				GCC_WARN_UNUSED_VARIABLE = YES;
				IPHONEOS_DEPLOYMENT_TARGET = 12.1;
				MTL_ENABLE_DEBUG_INFO = INCLUDE_SOURCE;
				MTL_FAST_MATH = YES;
				ONLY_ACTIVE_ARCH = YES;
				SDKROOT = iphoneos;
				SWIFT_ACTIVE_COMPILATION_CONDITIONS = DEBUG;
				SWIFT_OPTIMIZATION_LEVEL = "-Onone";
			};
			name = Debug;
		};
		613257F221CBF4D300C1F2B7 /* Release */ = {
			isa = XCBuildConfiguration;
			buildSettings = {
				ALWAYS_SEARCH_USER_PATHS = NO;
				CLANG_ANALYZER_NONNULL = YES;
				CLANG_ANALYZER_NUMBER_OBJECT_CONVERSION = YES_AGGRESSIVE;
				CLANG_CXX_LANGUAGE_STANDARD = "gnu++14";
				CLANG_CXX_LIBRARY = "libc++";
				CLANG_ENABLE_MODULES = YES;
				CLANG_ENABLE_OBJC_ARC = YES;
				CLANG_ENABLE_OBJC_WEAK = YES;
				CLANG_WARN_BLOCK_CAPTURE_AUTORELEASING = YES;
				CLANG_WARN_BOOL_CONVERSION = YES;
				CLANG_WARN_COMMA = YES;
				CLANG_WARN_CONSTANT_CONVERSION = YES;
				CLANG_WARN_DEPRECATED_OBJC_IMPLEMENTATIONS = YES;
				CLANG_WARN_DIRECT_OBJC_ISA_USAGE = YES_ERROR;
				CLANG_WARN_DOCUMENTATION_COMMENTS = YES;
				CLANG_WARN_EMPTY_BODY = YES;
				CLANG_WARN_ENUM_CONVERSION = YES;
				CLANG_WARN_INFINITE_RECURSION = YES;
				CLANG_WARN_INT_CONVERSION = YES;
				CLANG_WARN_NON_LITERAL_NULL_CONVERSION = YES;
				CLANG_WARN_OBJC_IMPLICIT_RETAIN_SELF = YES;
				CLANG_WARN_OBJC_LITERAL_CONVERSION = YES;
				CLANG_WARN_OBJC_ROOT_CLASS = YES_ERROR;
				CLANG_WARN_RANGE_LOOP_ANALYSIS = YES;
				CLANG_WARN_STRICT_PROTOTYPES = YES;
				CLANG_WARN_SUSPICIOUS_MOVE = YES;
				CLANG_WARN_UNGUARDED_AVAILABILITY = YES_AGGRESSIVE;
				CLANG_WARN_UNREACHABLE_CODE = YES;
				CLANG_WARN__DUPLICATE_METHOD_MATCH = YES;
				CODE_SIGN_IDENTITY = "iPhone Developer";
				COPY_PHASE_STRIP = NO;
				DEBUG_INFORMATION_FORMAT = "dwarf-with-dsym";
				ENABLE_NS_ASSERTIONS = NO;
				ENABLE_STRICT_OBJC_MSGSEND = YES;
				GCC_C_LANGUAGE_STANDARD = gnu11;
				GCC_NO_COMMON_BLOCKS = YES;
				GCC_WARN_64_TO_32_BIT_CONVERSION = YES;
				GCC_WARN_ABOUT_RETURN_TYPE = YES_ERROR;
				GCC_WARN_UNDECLARED_SELECTOR = YES;
				GCC_WARN_UNINITIALIZED_AUTOS = YES_AGGRESSIVE;
				GCC_WARN_UNUSED_FUNCTION = YES;
				GCC_WARN_UNUSED_VARIABLE = YES;
				IPHONEOS_DEPLOYMENT_TARGET = 12.1;
				MTL_ENABLE_DEBUG_INFO = NO;
				MTL_FAST_MATH = YES;
				SDKROOT = iphoneos;
				SWIFT_COMPILATION_MODE = wholemodule;
				SWIFT_OPTIMIZATION_LEVEL = "-O";
				VALIDATE_PRODUCT = YES;
			};
			name = Release;
		};
		613257F421CBF4D300C1F2B7 /* Debug */ = {
			isa = XCBuildConfiguration;
			buildSettings = {
				ASSETCATALOG_COMPILER_APPICON_NAME = AppIcon;
				CODE_SIGN_IDENTITY = "iPhone Developer";
				CODE_SIGN_STYLE = Automatic;
				DEVELOPMENT_TEAM = Y9JVY49D77;
				INFOPLIST_FILE = Divan/Info.plist;
				LD_RUNPATH_SEARCH_PATHS = (
					"$(inherited)",
					"@executable_path/Frameworks",
				);
				PRODUCT_BUNDLE_IDENTIFIER = ShomDev.Divan;
				PRODUCT_NAME = "$(TARGET_NAME)";
				PROVISIONING_PROFILE_SPECIFIER = "";
				SWIFT_VERSION = 4.2;
				TARGETED_DEVICE_FAMILY = "1,2";
			};
			name = Debug;
		};
		613257F521CBF4D300C1F2B7 /* Release */ = {
			isa = XCBuildConfiguration;
			buildSettings = {
				ASSETCATALOG_COMPILER_APPICON_NAME = AppIcon;
				CODE_SIGN_IDENTITY = "iPhone Developer";
				CODE_SIGN_STYLE = Automatic;
				DEVELOPMENT_TEAM = Y9JVY49D77;
				INFOPLIST_FILE = Divan/Info.plist;
				LD_RUNPATH_SEARCH_PATHS = (
					"$(inherited)",
					"@executable_path/Frameworks",
				);
				PRODUCT_BUNDLE_IDENTIFIER = ShomDev.Divan;
				PRODUCT_NAME = "$(TARGET_NAME)";
				PROVISIONING_PROFILE_SPECIFIER = "";
				SWIFT_VERSION = 4.2;
				TARGETED_DEVICE_FAMILY = "1,2";
			};
			name = Release;
		};
/* End XCBuildConfiguration section */

/* Begin XCConfigurationList section */
		613257D921CBF4D100C1F2B7 /* Build configuration list for PBXProject "Divan" */ = {
			isa = XCConfigurationList;
			buildConfigurations = (
				613257F121CBF4D300C1F2B7 /* Debug */,
				613257F221CBF4D300C1F2B7 /* Release */,
			);
			defaultConfigurationIsVisible = 0;
			defaultConfigurationName = Release;
		};
		613257F321CBF4D300C1F2B7 /* Build configuration list for PBXNativeTarget "Divan" */ = {
			isa = XCConfigurationList;
			buildConfigurations = (
				613257F421CBF4D300C1F2B7 /* Debug */,
				613257F521CBF4D300C1F2B7 /* Release */,
			);
			defaultConfigurationIsVisible = 0;
			defaultConfigurationName = Release;
		};
/* End XCConfigurationList section */

/* Begin XCVersionGroup section */
		613257E821CBF4D200C1F2B7 /* Divan.xcdatamodeld */ = {
			isa = XCVersionGroup;
			children = (
				613257E921CBF4D200C1F2B7 /* Divan.xcdatamodel */,
			);
			currentVersion = 613257E921CBF4D200C1F2B7 /* Divan.xcdatamodel */;
			path = Divan.xcdatamodeld;
			sourceTree = "<group>";
			versionGroupType = wrapper.xcdatamodel;
		};
/* End XCVersionGroup section */
	};
	rootObject = 613257D621CBF4D100C1F2B7 /* Project object */;
}
